
Microsoft Visual Studio Solution File, Format Version 12.00
# Visual Studio Version 17
VisualStudioVersion = 17.0.31903.59
MinimumVisualStudioVersion = 10.0.40219.1
Project("{FAE04EC0-301F-11D3-BF4B-00C04F79EFBC}") = "ProgramStructureDemoV1", "ProgramStructureDemoV1\ProgramStructureDemoV1.csproj", "{8635573F-F6A5-469B-A2B1-46A174595D46}"
EndProject
Project("{FAE04EC0-301F-11D3-BF4B-00C04F79EFBC}") = "ProgramStructureDemoV2", "ProgramStructureDemoV2\ProgramStructureDemoV2.csproj", "{B3D7F6F2-8189-47CA-81E8-9F0968D67607}"
EndProject
Global
	GlobalSection(SolutionConfigurationPlatforms) = preSolution
		Debug|Any CPU = Debug|Any CPU
		Release|Any CPU = Release|Any CPU
	EndGlobalSection
	GlobalSection(SolutionProperties) = preSolution
		HideSolutionNode = FALSE
	EndGlobalSection
	GlobalSection(ProjectConfigurationPlatforms) = postSolution
		{8635573F-F6A5-469B-A2B1-46A174595D46}.Debug|Any CPU.ActiveCfg = Debug|Any CPU
		{8635573F-F6A5-469B-A2B1-46A174595D46}.Debug|Any CPU.Build.0 = Debug|Any CPU
		{8635573F-F6A5-469B-A2B1-46A174595D46}.Release|Any CPU.ActiveCfg = Release|Any CPU
		{8635573F-F6A5-469B-A2B1-46A174595D46}.Release|Any CPU.Build.0 = Release|Any CPU
		{B3D7F6F2-8189-47CA-81E8-9F0968D67607}.Debug|Any CPU.ActiveCfg = Debug|Any CPU
		{B3D7F6F2-8189-47CA-81E8-9F0968D67607}.Debug|Any CPU.Build.0 = Debug|Any CPU
		{B3D7F6F2-8189-47CA-81E8-9F0968D67607}.Release|Any CPU.ActiveCfg = Release|Any CPU
		{B3D7F6F2-8189-47CA-81E8-9F0968D67607}.Release|Any CPU.Build.0 = Release|Any CPU
	EndGlobalSection
EndGlobal
