
Microsoft Visual Studio Solution File, Format Version 12.00
# Visual Studio Version 17
VisualStudioVersion = 17.0.31903.59
MinimumVisualStudioVersion = 10.0.40219.1
Project("{FAE04EC0-301F-11D3-BF4B-00C04F79EFBC}") = "A2VariablesDemo", "A2VariablesDemo\A2VariablesDemo.csproj", "{2488E83A-B808-4480-A56E-A00585332522}"
EndProject
Project("{FAE04EC0-301F-11D3-BF4B-00C04F79EFBC}") = "A3InputOutputDemo", "A3InputOutputDemo\A3InputOutputDemo.csproj", "{566F5EF9-EE31-4D55-921E-8F252EFE6E82}"
EndProject
Project("{FAE04EC0-301F-11D3-BF4B-00C04F79EFBC}") = "A1CompilerVersionDemo", "A1CompilerVersionDemo\A1CompilerVersionDemo.csproj", "{41272DD1-A31F-4612-AB1F-0D01DE4BA7D8}"
EndProject
Global
	GlobalSection(SolutionConfigurationPlatforms) = preSolution
		Debug|Any CPU = Debug|Any CPU
		Release|Any CPU = Release|Any CPU
	EndGlobalSection
	GlobalSection(SolutionProperties) = preSolution
		HideSolutionNode = FALSE
	EndGlobalSection
	GlobalSection(ProjectConfigurationPlatforms) = postSolution
		{2488E83A-B808-4480-A56E-A00585332522}.Debug|Any CPU.ActiveCfg = Debug|Any CPU
		{2488E83A-B808-4480-A56E-A00585332522}.Debug|Any CPU.Build.0 = Debug|Any CPU
		{2488E83A-B808-4480-A56E-A00585332522}.Release|Any CPU.ActiveCfg = Release|Any CPU
		{2488E83A-B808-4480-A56E-A00585332522}.Release|Any CPU.Build.0 = Release|Any CPU
		{566F5EF9-EE31-4D55-921E-8F252EFE6E82}.Debug|Any CPU.ActiveCfg = Debug|Any CPU
		{566F5EF9-EE31-4D55-921E-8F252EFE6E82}.Debug|Any CPU.Build.0 = Debug|Any CPU
		{566F5EF9-EE31-4D55-921E-8F252EFE6E82}.Release|Any CPU.ActiveCfg = Release|Any CPU
		{566F5EF9-EE31-4D55-921E-8F252EFE6E82}.Release|Any CPU.Build.0 = Release|Any CPU
		{41272DD1-A31F-4612-AB1F-0D01DE4BA7D8}.Debug|Any CPU.ActiveCfg = Debug|Any CPU
		{41272DD1-A31F-4612-AB1F-0D01DE4BA7D8}.Debug|Any CPU.Build.0 = Debug|Any CPU
		{41272DD1-A31F-4612-AB1F-0D01DE4BA7D8}.Release|Any CPU.ActiveCfg = Release|Any CPU
		{41272DD1-A31F-4612-AB1F-0D01DE4BA7D8}.Release|Any CPU.Build.0 = Release|Any CPU
	EndGlobalSection
EndGlobal
