
Microsoft Visual Studio Solution File, Format Version 12.00
# Visual Studio Version 17
VisualStudioVersion = 17.0.31903.59
MinimumVisualStudioVersion = 10.0.40219.1
Project("{FAE04EC0-301F-11D3-BF4B-00C04F79EFBC}") = "A1StringsDemo", "A1StringsDemo\A1StringsDemo.csproj", "{C5FB872B-5B5D-4AB6-85CA-92400B6D7D42}"
EndProject
Project("{FAE04EC0-301F-11D3-BF4B-00C04F79EFBC}") = "A2DefaultValuesDemo", "A2DefaultValuesDemo\A2DefaultValuesDemo.csproj", "{972CA79E-46C1-4146-A74F-0B79A9F9B4FD}"
EndProject
Global
	GlobalSection(SolutionConfigurationPlatforms) = preSolution
		Debug|Any CPU = Debug|Any CPU
		Release|Any CPU = Release|Any CPU
	EndGlobalSection
	GlobalSection(SolutionProperties) = preSolution
		HideSolutionNode = FALSE
	EndGlobalSection
	GlobalSection(ProjectConfigurationPlatforms) = postSolution
		{C5FB872B-5B5D-4AB6-85CA-92400B6D7D42}.Debug|Any CPU.ActiveCfg = Debug|Any CPU
		{C5FB872B-5B5D-4AB6-85CA-92400B6D7D42}.Debug|Any CPU.Build.0 = Debug|Any CPU
		{C5FB872B-5B5D-4AB6-85CA-92400B6D7D42}.Release|Any CPU.ActiveCfg = Release|Any CPU
		{C5FB872B-5B5D-4AB6-85CA-92400B6D7D42}.Release|Any CPU.Build.0 = Release|Any CPU
		{972CA79E-46C1-4146-A74F-0B79A9F9B4FD}.Debug|Any CPU.ActiveCfg = Debug|Any CPU
		{972CA79E-46C1-4146-A74F-0B79A9F9B4FD}.Debug|Any CPU.Build.0 = Debug|Any CPU
		{972CA79E-46C1-4146-A74F-0B79A9F9B4FD}.Release|Any CPU.ActiveCfg = Release|Any CPU
		{972CA79E-46C1-4146-A74F-0B79A9F9B4FD}.Release|Any CPU.Build.0 = Release|Any CPU
	EndGlobalSection
EndGlobal
