
Microsoft Visual Studio Solution File, Format Version 12.00
# Visual Studio Version 17
VisualStudioVersion = 17.0.31903.59
MinimumVisualStudioVersion = 10.0.40219.1
Project("{FAE04EC0-301F-11D3-BF4B-00C04F79EFBC}") = "A2FunctionsDemo", "A2FunctionsDemo\A2FunctionsDemo.csproj", "{F2505FF2-1A93-4002-A2E2-3778FBB44356}"
EndProject
Project("{FAE04EC0-301F-11D3-BF4B-00C04F79EFBC}") = "A1IntVariablesDemo", "A1IntVariablesDemo\A1IntVariablesDemo.csproj", "{EAB9ABE0-4BE5-4BDB-A401-3309CCD788B8}"
EndProject
Global
	GlobalSection(SolutionConfigurationPlatforms) = preSolution
		Debug|Any CPU = Debug|Any CPU
		Release|Any CPU = Release|Any CPU
	EndGlobalSection
	GlobalSection(SolutionProperties) = preSolution
		HideSolutionNode = FALSE
	EndGlobalSection
	GlobalSection(ProjectConfigurationPlatforms) = postSolution
		{DB744D91-4520-4F82-830C-3004FAD4659F}.Debug|Any CPU.ActiveCfg = Debug|Any CPU
		{DB744D91-4520-4F82-830C-3004FAD4659F}.Debug|Any CPU.Build.0 = Debug|Any CPU
		{DB744D91-4520-4F82-830C-3004FAD4659F}.Release|Any CPU.ActiveCfg = Release|Any CPU
		{DB744D91-4520-4F82-830C-3004FAD4659F}.Release|Any CPU.Build.0 = Release|Any CPU
		{F2505FF2-1A93-4002-A2E2-3778FBB44356}.Debug|Any CPU.ActiveCfg = Debug|Any CPU
		{F2505FF2-1A93-4002-A2E2-3778FBB44356}.Debug|Any CPU.Build.0 = Debug|Any CPU
		{F2505FF2-1A93-4002-A2E2-3778FBB44356}.Release|Any CPU.ActiveCfg = Release|Any CPU
		{F2505FF2-1A93-4002-A2E2-3778FBB44356}.Release|Any CPU.Build.0 = Release|Any CPU
		{EAB9ABE0-4BE5-4BDB-A401-3309CCD788B8}.Debug|Any CPU.ActiveCfg = Debug|Any CPU
		{EAB9ABE0-4BE5-4BDB-A401-3309CCD788B8}.Debug|Any CPU.Build.0 = Debug|Any CPU
		{EAB9ABE0-4BE5-4BDB-A401-3309CCD788B8}.Release|Any CPU.ActiveCfg = Release|Any CPU
		{EAB9ABE0-4BE5-4BDB-A401-3309CCD788B8}.Release|Any CPU.Build.0 = Release|Any CPU
	EndGlobalSection
EndGlobal
