
Microsoft Visual Studio Solution File, Format Version 12.00
# Visual Studio Version 17
VisualStudioVersion = 17.5.002.0
MinimumVisualStudioVersion = 10.0.40219.1
Project("{9A19103F-16F7-4668-BE54-9A1E7A4F7556}") = "20231008cs12dn8", "20231008cs12dn8.csproj", "{BF677D7F-D4D4-4B68-AFDD-EA047F8BD51A}"
EndProject
Global
	GlobalSection(SolutionConfigurationPlatforms) = preSolution
		Debug|Any CPU = Debug|Any CPU
		Release|Any CPU = Release|Any CPU
	EndGlobalSection
	GlobalSection(ProjectConfigurationPlatforms) = postSolution
		{BF677D7F-D4D4-4B68-AFDD-EA047F8BD51A}.Debug|Any CPU.ActiveCfg = Debug|Any CPU
		{BF677D7F-D4D4-4B68-AFDD-EA047F8BD51A}.Debug|Any CPU.Build.0 = Debug|Any CPU
		{BF677D7F-D4D4-4B68-AFDD-EA047F8BD51A}.Release|Any CPU.ActiveCfg = Release|Any CPU
		{BF677D7F-D4D4-4B68-AFDD-EA047F8BD51A}.Release|Any CPU.Build.0 = Release|Any CPU
	EndGlobalSection
	GlobalSection(SolutionProperties) = preSolution
		HideSolutionNode = FALSE
	EndGlobalSection
	GlobalSection(ExtensibilityGlobals) = postSolution
		SolutionGuid = {3CCD260C-2C97-4905-9CEF-95232D3AE8FA}
	EndGlobalSection
EndGlobal
