
Microsoft Visual Studio Solution File, Format Version 12.00
# Visual Studio Version 17
VisualStudioVersion = 17.5.001.0
MinimumVisualStudioVersion = 10.0.40219.1
Project("{2150E333-8FDC-42A3-9474-1A3956D46DE8}") = "demos", "demos", "{DECBE09A-A314-4967-A733-74DF2D33CC8E}"
EndProject
Project("{9A19103F-16F7-4668-BE54-9A1E7A4F7556}") = "demo1", "demos\demo1\demo1.csproj", "{0EF6A8EF-9E61-4A6F-96FD-2A203A5B6A15}"
EndProject
Project("{9A19103F-16F7-4668-BE54-9A1E7A4F7556}") = "demo2", "demos\demo2\demo2.csproj", "{92E0C3E1-0AD4-4111-B7F4-4543E1928CB4}"
EndProject
Project("{9A19103F-16F7-4668-BE54-9A1E7A4F7556}") = "demo3", "demos\demo3\demo3.csproj", "{B5F2FC70-B960-42D4-AB38-74E2623FF9C7}"
EndProject
Project("{9A19103F-16F7-4668-BE54-9A1E7A4F7556}") = "demo4", "demos\demo4\demo4.csproj", "{FE328538-542A-4EB0-898E-34A58751005E}"
EndProject
Project("{9A19103F-16F7-4668-BE54-9A1E7A4F7556}") = "demo5", "demos\demo5\demo5.csproj", "{0D9A2CAB-0AFA-4CC1-9606-ADC041ED7AC8}"
EndProject
Project("{9A19103F-16F7-4668-BE54-9A1E7A4F7556}") = "existingfolder", "demos\existingfolder\existingfolder.csproj", "{D69FEDA4-8606-4C73-BB61-8D661D278EA6}"
EndProject
Project("{9A19103F-16F7-4668-BE54-9A1E7A4F7556}") = "newfolder", "demos\newfolder\newfolder.csproj", "{1C491BF2-1E13-4387-A9DF-9E99F29D906C}"
EndProject
Project("{2150E333-8FDC-42A3-9474-1A3956D46DE8}") = "net6", "net6", "{F16CEE0C-8540-45E5-9AB3-EEB06B1D53EC}"
EndProject
Project("{9A19103F-16F7-4668-BE54-9A1E7A4F7556}") = "demo6", "net6\demo6\demo6.csproj", "{DD01090D-EC79-4DEC-B8A9-ECC68BD0D2BB}"
EndProject
Project("{2150E333-8FDC-42A3-9474-1A3956D46DE8}") = "net7", "net7", "{F7A6604E-AF34-4D86-B8E7-67615F43C0EC}"
EndProject
Project("{9A19103F-16F7-4668-BE54-9A1E7A4F7556}") = "demo7", "net7\demo7\demo7.csproj", "{A34EE1F1-F358-467D-94DD-CB55EC885E00}"
EndProject
Project("{2150E333-8FDC-42A3-9474-1A3956D46DE8}") = "net8", "net8", "{BB20B071-CCA3-4E31-8557-42FD0DF3D6A5}"
EndProject
Project("{9A19103F-16F7-4668-BE54-9A1E7A4F7556}") = "demo8", "net8\demo8\demo8.csproj", "{7BD782E4-1437-4716-A370-4FE29B24295E}"
EndProject
Global
	GlobalSection(SolutionConfigurationPlatforms) = preSolution
		Debug|Any CPU = Debug|Any CPU
		Release|Any CPU = Release|Any CPU
	EndGlobalSection
	GlobalSection(ProjectConfigurationPlatforms) = postSolution
		{0EF6A8EF-9E61-4A6F-96FD-2A203A5B6A15}.Debug|Any CPU.ActiveCfg = Debug|Any CPU
		{0EF6A8EF-9E61-4A6F-96FD-2A203A5B6A15}.Debug|Any CPU.Build.0 = Debug|Any CPU
		{0EF6A8EF-9E61-4A6F-96FD-2A203A5B6A15}.Release|Any CPU.ActiveCfg = Release|Any CPU
		{0EF6A8EF-9E61-4A6F-96FD-2A203A5B6A15}.Release|Any CPU.Build.0 = Release|Any CPU
		{92E0C3E1-0AD4-4111-B7F4-4543E1928CB4}.Debug|Any CPU.ActiveCfg = Debug|Any CPU
		{92E0C3E1-0AD4-4111-B7F4-4543E1928CB4}.Debug|Any CPU.Build.0 = Debug|Any CPU
		{92E0C3E1-0AD4-4111-B7F4-4543E1928CB4}.Release|Any CPU.ActiveCfg = Release|Any CPU
		{92E0C3E1-0AD4-4111-B7F4-4543E1928CB4}.Release|Any CPU.Build.0 = Release|Any CPU
		{B5F2FC70-B960-42D4-AB38-74E2623FF9C7}.Debug|Any CPU.ActiveCfg = Debug|Any CPU
		{B5F2FC70-B960-42D4-AB38-74E2623FF9C7}.Debug|Any CPU.Build.0 = Debug|Any CPU
		{B5F2FC70-B960-42D4-AB38-74E2623FF9C7}.Release|Any CPU.ActiveCfg = Release|Any CPU
		{B5F2FC70-B960-42D4-AB38-74E2623FF9C7}.Release|Any CPU.Build.0 = Release|Any CPU
		{FE328538-542A-4EB0-898E-34A58751005E}.Debug|Any CPU.ActiveCfg = Debug|Any CPU
		{FE328538-542A-4EB0-898E-34A58751005E}.Debug|Any CPU.Build.0 = Debug|Any CPU
		{FE328538-542A-4EB0-898E-34A58751005E}.Release|Any CPU.ActiveCfg = Release|Any CPU
		{FE328538-542A-4EB0-898E-34A58751005E}.Release|Any CPU.Build.0 = Release|Any CPU
		{0D9A2CAB-0AFA-4CC1-9606-ADC041ED7AC8}.Debug|Any CPU.ActiveCfg = Debug|Any CPU
		{0D9A2CAB-0AFA-4CC1-9606-ADC041ED7AC8}.Debug|Any CPU.Build.0 = Debug|Any CPU
		{0D9A2CAB-0AFA-4CC1-9606-ADC041ED7AC8}.Release|Any CPU.ActiveCfg = Release|Any CPU
		{0D9A2CAB-0AFA-4CC1-9606-ADC041ED7AC8}.Release|Any CPU.Build.0 = Release|Any CPU
		{D69FEDA4-8606-4C73-BB61-8D661D278EA6}.Debug|Any CPU.ActiveCfg = Debug|Any CPU
		{D69FEDA4-8606-4C73-BB61-8D661D278EA6}.Debug|Any CPU.Build.0 = Debug|Any CPU
		{D69FEDA4-8606-4C73-BB61-8D661D278EA6}.Release|Any CPU.ActiveCfg = Release|Any CPU
		{D69FEDA4-8606-4C73-BB61-8D661D278EA6}.Release|Any CPU.Build.0 = Release|Any CPU
		{1C491BF2-1E13-4387-A9DF-9E99F29D906C}.Debug|Any CPU.ActiveCfg = Debug|Any CPU
		{1C491BF2-1E13-4387-A9DF-9E99F29D906C}.Debug|Any CPU.Build.0 = Debug|Any CPU
		{1C491BF2-1E13-4387-A9DF-9E99F29D906C}.Release|Any CPU.ActiveCfg = Release|Any CPU
		{1C491BF2-1E13-4387-A9DF-9E99F29D906C}.Release|Any CPU.Build.0 = Release|Any CPU
		{DD01090D-EC79-4DEC-B8A9-ECC68BD0D2BB}.Debug|Any CPU.ActiveCfg = Debug|Any CPU
		{DD01090D-EC79-4DEC-B8A9-ECC68BD0D2BB}.Debug|Any CPU.Build.0 = Debug|Any CPU
		{DD01090D-EC79-4DEC-B8A9-ECC68BD0D2BB}.Release|Any CPU.ActiveCfg = Release|Any CPU
		{DD01090D-EC79-4DEC-B8A9-ECC68BD0D2BB}.Release|Any CPU.Build.0 = Release|Any CPU
		{A34EE1F1-F358-467D-94DD-CB55EC885E00}.Debug|Any CPU.ActiveCfg = Debug|Any CPU
		{A34EE1F1-F358-467D-94DD-CB55EC885E00}.Debug|Any CPU.Build.0 = Debug|Any CPU
		{A34EE1F1-F358-467D-94DD-CB55EC885E00}.Release|Any CPU.ActiveCfg = Release|Any CPU
		{A34EE1F1-F358-467D-94DD-CB55EC885E00}.Release|Any CPU.Build.0 = Release|Any CPU
		{7BD782E4-1437-4716-A370-4FE29B24295E}.Debug|Any CPU.ActiveCfg = Debug|Any CPU
		{7BD782E4-1437-4716-A370-4FE29B24295E}.Debug|Any CPU.Build.0 = Debug|Any CPU
		{7BD782E4-1437-4716-A370-4FE29B24295E}.Release|Any CPU.ActiveCfg = Release|Any CPU
		{7BD782E4-1437-4716-A370-4FE29B24295E}.Release|Any CPU.Build.0 = Release|Any CPU
	EndGlobalSection
	GlobalSection(SolutionProperties) = preSolution
		HideSolutionNode = FALSE
	EndGlobalSection
	GlobalSection(NestedProjects) = preSolution
		{0EF6A8EF-9E61-4A6F-96FD-2A203A5B6A15} = {DECBE09A-A314-4967-A733-74DF2D33CC8E}
		{92E0C3E1-0AD4-4111-B7F4-4543E1928CB4} = {DECBE09A-A314-4967-A733-74DF2D33CC8E}
		{B5F2FC70-B960-42D4-AB38-74E2623FF9C7} = {DECBE09A-A314-4967-A733-74DF2D33CC8E}
		{FE328538-542A-4EB0-898E-34A58751005E} = {DECBE09A-A314-4967-A733-74DF2D33CC8E}
		{0D9A2CAB-0AFA-4CC1-9606-ADC041ED7AC8} = {DECBE09A-A314-4967-A733-74DF2D33CC8E}
		{D69FEDA4-8606-4C73-BB61-8D661D278EA6} = {DECBE09A-A314-4967-A733-74DF2D33CC8E}
		{1C491BF2-1E13-4387-A9DF-9E99F29D906C} = {DECBE09A-A314-4967-A733-74DF2D33CC8E}
		{DD01090D-EC79-4DEC-B8A9-ECC68BD0D2BB} = {F16CEE0C-8540-45E5-9AB3-EEB06B1D53EC}
		{A34EE1F1-F358-467D-94DD-CB55EC885E00} = {F7A6604E-AF34-4D86-B8E7-67615F43C0EC}
		{7BD782E4-1437-4716-A370-4FE29B24295E} = {BB20B071-CCA3-4E31-8557-42FD0DF3D6A5}
	EndGlobalSection
	GlobalSection(ExtensibilityGlobals) = postSolution
		SolutionGuid = {DE8656C4-FEB6-4272-8259-994C5980A22B}
	EndGlobalSection
EndGlobal
