
Microsoft Visual Studio Solution File, Format Version 12.00
# Visual Studio Version 17
VisualStudioVersion = 17.8.34004.107
MinimumVisualStudioVersion = 10.0.40219.1
Project("{2150E333-8FDC-42A3-9474-1A3956D46DE8}") = "src", "src", "{5BB974D4-3741-4E88-BD06-19DA6D3BFCDA}"
EndProject
Project("{9A19103F-16F7-4668-BE54-9A1E7A4F7556}") = "ConsoleApp1", "src\ConsoleApp1\ConsoleApp1.csproj", "{3AAEDF0E-EA1E-4D9F-A4A0-0144CC14780C}"
EndProject
Global
	GlobalSection(SolutionConfigurationPlatforms) = preSolution
		Debug|Any CPU = Debug|Any CPU
		Release|Any CPU = Release|Any CPU
	EndGlobalSection
	GlobalSection(ProjectConfigurationPlatforms) = postSolution
		{3AAEDF0E-EA1E-4D9F-A4A0-0144CC14780C}.Debug|Any CPU.ActiveCfg = Debug|Any CPU
		{3AAEDF0E-EA1E-4D9F-A4A0-0144CC14780C}.Debug|Any CPU.Build.0 = Debug|Any CPU
		{3AAEDF0E-EA1E-4D9F-A4A0-0144CC14780C}.Release|Any CPU.ActiveCfg = Release|Any CPU
		{3AAEDF0E-EA1E-4D9F-A4A0-0144CC14780C}.Release|Any CPU.Build.0 = Release|Any CPU
	EndGlobalSection
	GlobalSection(SolutionProperties) = preSolution
		HideSolutionNode = FALSE
	EndGlobalSection
	GlobalSection(NestedProjects) = preSolution
		{3AAEDF0E-EA1E-4D9F-A4A0-0144CC14780C} = {5BB974D4-3741-4E88-BD06-19DA6D3BFCDA}
	EndGlobalSection
	GlobalSection(ExtensibilityGlobals) = postSolution
		SolutionGuid = {2F67693A-6385-4A4F-8C7C-855445E8E392}
	EndGlobalSection
EndGlobal
